
Microsoft Visual Studio Solution File, Format Version 12.00
# Visual Studio Version 17
VisualStudioVersion = 17.8.34330.188
MinimumVisualStudioVersion = 10.0.40219.1
Project("{9A19103F-16F7-4668-BE54-9A1E7A4F7556}") = "BankTests", "BankTests\BankTests.csproj", "{7B99AEA2-0C39-4506-B694-A04B0C7EB12B}"
EndProject
Global
	GlobalSection(SolutionConfigurationPlatforms) = preSolution
		Debug|Any CPU = Debug|Any CPU
		Release|Any CPU = Release|Any CPU
	EndGlobalSection
	GlobalSection(ProjectConfigurationPlatforms) = postSolution
		{7B99AEA2-0C39-4506-B694-A04B0C7EB12B}.Debug|Any CPU.ActiveCfg = Debug|Any CPU
		{7B99AEA2-0C39-4506-B694-A04B0C7EB12B}.Debug|Any CPU.Build.0 = Debug|Any CPU
		{7B99AEA2-0C39-4506-B694-A04B0C7EB12B}.Release|Any CPU.ActiveCfg = Release|Any CPU
		{7B99AEA2-0C39-4506-B694-A04B0C7EB12B}.Release|Any CPU.Build.0 = Release|Any CPU
	EndGlobalSection
	GlobalSection(SolutionProperties) = preSolution
		HideSolutionNode = FALSE
	EndGlobalSection
	GlobalSection(ExtensibilityGlobals) = postSolution
		SolutionGuid = {0A34E751-7DB1-4D69-8BC1-073F9C723F9C}
	EndGlobalSection
EndGlobal
